// !$*UTF8*$!
{
	archiveVersion = 1;
	classes = {
	};
	objectVersion = 50;
	objects = {

/* Begin PBXBuildFile section */
		2640EF9F249B522700947B20 /* ControlViewController.swift in Sources */ = {isa = PBXBuildFile; fileRef = 2640EF93249B522700947B20 /* ControlViewController.swift */; };
		2640EFA0249B522700947B20 /* SleepAidViewController.swift in Sources */ = {isa = PBXBuildFile; fileRef = 2640EF94249B522700947B20 /* SleepAidViewController.swift */; };
		2640EFA1249B522700947B20 /* LightViewController.xib in Resources */ = {isa = PBXBuildFile; fileRef = 2640EF95249B522700947B20 /* LightViewController.xib */; };
		2640EFA4249B522700947B20 /* LightViewController.swift in Sources */ = {isa = PBXBuildFile; fileRef = 2640EF9C249B522700947B20 /* LightViewController.swift */; };
		2640EFA5249B522700947B20 /* ControlViewController.xib in Resources */ = {isa = PBXBuildFile; fileRef = 2640EF9D249B522700947B20 /* ControlViewController.xib */; };
		2640EFA6249B522700947B20 /* SleepAidViewController.xib in Resources */ = {isa = PBXBuildFile; fileRef = 2640EF9E249B522700947B20 /* SleepAidViewController.xib */; };
		2640EFB3249B528000947B20 /* CustomStyleButton.m in Sources */ = {isa = PBXBuildFile; fileRef = 2640EFAF249B527F00947B20 /* CustomStyleButton.m */; };
		2640EFB4249B528000947B20 /* CustomColorButton.m in Sources */ = {isa = PBXBuildFile; fileRef = 2640EFB2249B527F00947B20 /* CustomColorButton.m */; };
		2640EFB9249B53DB00947B20 /* DataManager.m in Sources */ = {isa = PBXBuildFile; fileRef = 2640EFB8249B53DB00947B20 /* DataManager.m */; };
		2640EFBC249B71D800947B20 /* SettingViewController.swift in Sources */ = {isa = PBXBuildFile; fileRef = 2640EFBA249B71D800947B20 /* SettingViewController.swift */; };
		2640EFBD249B71D800947B20 /* SettingViewController.xib in Resources */ = {isa = PBXBuildFile; fileRef = 2640EFBB249B71D800947B20 /* SettingViewController.xib */; };
		2640EFC4249B87C700947B20 /* LoginViewController.swift in Sources */ = {isa = PBXBuildFile; fileRef = 2640EFC2249B87C700947B20 /* LoginViewController.swift */; };
		2640EFC5249B87C700947B20 /* LoginViewController.xib in Resources */ = {isa = PBXBuildFile; fileRef = 2640EFC3249B87C700947B20 /* LoginViewController.xib */; };
		26872C3A249B1286002FFD15 /* AppDelegate.swift in Sources */ = {isa = PBXBuildFile; fileRef = 26872C39249B1286002FFD15 /* AppDelegate.swift */; };
		26872C3E249B1286002FFD15 /* ViewController.swift in Sources */ = {isa = PBXBuildFile; fileRef = 26872C3D249B1286002FFD15 /* ViewController.swift */; };
		26872C41249B1286002FFD15 /* Main.storyboard in Resources */ = {isa = PBXBuildFile; fileRef = 26872C3F249B1286002FFD15 /* Main.storyboard */; };
		26872C43249B1289002FFD15 /* Assets.xcassets in Resources */ = {isa = PBXBuildFile; fileRef = 26872C42249B1289002FFD15 /* Assets.xcassets */; };
		26872C46249B1289002FFD15 /* LaunchScreen.storyboard in Resources */ = {isa = PBXBuildFile; fileRef = 26872C44249B1289002FFD15 /* LaunchScreen.storyboard */; };
		26872C4F249B1445002FFD15 /* MainViewController.swift in Sources */ = {isa = PBXBuildFile; fileRef = 26872C4D249B1445002FFD15 /* MainViewController.swift */; };
		26872C50249B1445002FFD15 /* MainViewController.xib in Resources */ = {isa = PBXBuildFile; fileRef = 26872C4E249B1445002FFD15 /* MainViewController.xib */; };
		26872C75249B14DD002FFD15 /* libc++.tbd in Frameworks */ = {isa = PBXBuildFile; fileRef = 26872C74249B14DD002FFD15 /* libc++.tbd */; };
		26872C89249B1A29002FFD15 /* SLPCommon.framework in Frameworks */ = {isa = PBXBuildFile; fileRef = 26872C87249B1A29002FFD15 /* SLPCommon.framework */; };
		4C3DE18324AB08FE00C4A31A /* SLPTCP.framework in Frameworks */ = {isa = PBXBuildFile; fileRef = 4C3DE18224AB08FE00C4A31A /* SLPTCP.framework */; };
		B5F13E0E863AA1E9CDAA9DE2 /* libPods-Swift_EW202WSDKDemo.a in Frameworks */ = {isa = PBXBuildFile; fileRef = 57C572E12EB3F329081656B3 /* libPods-Swift_EW202WSDKDemo.a */; };
/* End PBXBuildFile section */

/* Begin PBXFileReference section */
		2640EF93249B522700947B20 /* ControlViewController.swift */ = {isa = PBXFileReference; fileEncoding = 4; lastKnownFileType = sourcecode.swift; path = ControlViewController.swift; sourceTree = "<group>"; };
		2640EF94249B522700947B20 /* SleepAidViewController.swift */ = {isa = PBXFileReference; fileEncoding = 4; lastKnownFileType = sourcecode.swift; path = SleepAidViewController.swift; sourceTree = "<group>"; };
		2640EF95249B522700947B20 /* LightViewController.xib */ = {isa = PBXFileReference; fileEncoding = 4; lastKnownFileType = file.xib; path = LightViewController.xib; sourceTree = "<group>"; };
		2640EF9C249B522700947B20 /* LightViewController.swift */ = {isa = PBXFileReference; fileEncoding = 4; lastKnownFileType = sourcecode.swift; path = LightViewController.swift; sourceTree = "<group>"; };
		2640EF9D249B522700947B20 /* ControlViewController.xib */ = {isa = PBXFileReference; fileEncoding = 4; lastKnownFileType = file.xib; path = ControlViewController.xib; sourceTree = "<group>"; };
		2640EF9E249B522700947B20 /* SleepAidViewController.xib */ = {isa = PBXFileReference; fileEncoding = 4; lastKnownFileType = file.xib; path = SleepAidViewController.xib; sourceTree = "<group>"; };
		2640EFAF249B527F00947B20 /* CustomStyleButton.m */ = {isa = PBXFileReference; fileEncoding = 4; lastKnownFileType = sourcecode.c.objc; path = CustomStyleButton.m; sourceTree = "<group>"; };
		2640EFB0249B527F00947B20 /* CustomColorButton.h */ = {isa = PBXFileReference; fileEncoding = 4; lastKnownFileType = sourcecode.c.h; path = CustomColorButton.h; sourceTree = "<group>"; };
		2640EFB1249B527F00947B20 /* CustomStyleButton.h */ = {isa = PBXFileReference; fileEncoding = 4; lastKnownFileType = sourcecode.c.h; path = CustomStyleButton.h; sourceTree = "<group>"; };
		2640EFB2249B527F00947B20 /* CustomColorButton.m */ = {isa = PBXFileReference; fileEncoding = 4; lastKnownFileType = sourcecode.c.objc; path = CustomColorButton.m; sourceTree = "<group>"; };
		2640EFB5249B52B000947B20 /* Swift_EW202WSDKDemo-Bridging-Header.h */ = {isa = PBXFileReference; fileEncoding = 4; lastKnownFileType = sourcecode.c.h; path = "Swift_EW202WSDKDemo-Bridging-Header.h"; sourceTree = "<group>"; };
		2640EFB7249B53DB00947B20 /* DataManager.h */ = {isa = PBXFileReference; fileEncoding = 4; lastKnownFileType = sourcecode.c.h; path = DataManager.h; sourceTree = "<group>"; };
		2640EFB8249B53DB00947B20 /* DataManager.m */ = {isa = PBXFileReference; fileEncoding = 4; lastKnownFileType = sourcecode.c.objc; path = DataManager.m; sourceTree = "<group>"; };
		2640EFBA249B71D800947B20 /* SettingViewController.swift */ = {isa = PBXFileReference; fileEncoding = 4; lastKnownFileType = sourcecode.swift; path = SettingViewController.swift; sourceTree = "<group>"; };
		2640EFBB249B71D800947B20 /* SettingViewController.xib */ = {isa = PBXFileReference; fileEncoding = 4; lastKnownFileType = file.xib; path = SettingViewController.xib; sourceTree = "<group>"; };
		2640EFC2249B87C700947B20 /* LoginViewController.swift */ = {isa = PBXFileReference; fileEncoding = 4; lastKnownFileType = sourcecode.swift; path = LoginViewController.swift; sourceTree = "<group>"; };
		2640EFC3249B87C700947B20 /* LoginViewController.xib */ = {isa = PBXFileReference; fileEncoding = 4; lastKnownFileType = file.xib; path = LoginViewController.xib; sourceTree = "<group>"; };
		26872C36249B1286002FFD15 /* Swift_EW202WSDKDemo.app */ = {isa = PBXFileReference; explicitFileType = wrapper.application; includeInIndex = 0; path = Swift_EW202WSDKDemo.app; sourceTree = BUILT_PRODUCTS_DIR; };
		26872C39249B1286002FFD15 /* AppDelegate.swift */ = {isa = PBXFileReference; lastKnownFileType = sourcecode.swift; path = AppDelegate.swift; sourceTree = "<group>"; };
		26872C3D249B1286002FFD15 /* ViewController.swift */ = {isa = PBXFileReference; lastKnownFileType = sourcecode.swift; path = ViewController.swift; sourceTree = "<group>"; };
		26872C40249B1286002FFD15 /* Base */ = {isa = PBXFileReference; lastKnownFileType = file.storyboard; name = Base; path = Base.lproj/Main.storyboard; sourceTree = "<group>"; };
		26872C42249B1289002FFD15 /* Assets.xcassets */ = {isa = PBXFileReference; lastKnownFileType = folder.assetcatalog; path = Assets.xcassets; sourceTree = "<group>"; };
		26872C45249B1289002FFD15 /* Base */ = {isa = PBXFileReference; lastKnownFileType = file.storyboard; name = Base; path = Base.lproj/LaunchScreen.storyboard; sourceTree = "<group>"; };
		26872C47249B1289002FFD15 /* Info.plist */ = {isa = PBXFileReference; lastKnownFileType = text.plist.xml; path = Info.plist; sourceTree = "<group>"; };
		26872C4D249B1445002FFD15 /* MainViewController.swift */ = {isa = PBXFileReference; fileEncoding = 4; lastKnownFileType = sourcecode.swift; path = MainViewController.swift; sourceTree = "<group>"; };
		26872C4E249B1445002FFD15 /* MainViewController.xib */ = {isa = PBXFileReference; fileEncoding = 4; lastKnownFileType = file.xib; path = MainViewController.xib; sourceTree = "<group>"; };
		26872C74249B14DD002FFD15 /* libc++.tbd */ = {isa = PBXFileReference; lastKnownFileType = "sourcecode.text-based-dylib-definition"; name = "libc++.tbd"; path = "usr/lib/libc++.tbd"; sourceTree = SDKROOT; };
		26872C87249B1A29002FFD15 /* SLPCommon.framework */ = {isa = PBXFileReference; lastKnownFileType = wrapper.framework; path = SLPCommon.framework; sourceTree = "<group>"; };
		4C3DE18224AB08FE00C4A31A /* SLPTCP.framework */ = {isa = PBXFileReference; lastKnownFileType = wrapper.framework; path = SLPTCP.framework; sourceTree = "<group>"; };
		57C572E12EB3F329081656B3 /* libPods-Swift_EW202WSDKDemo.a */ = {isa = PBXFileReference; explicitFileType = archive.ar; includeInIndex = 0; path = "libPods-Swift_EW202WSDKDemo.a"; sourceTree = BUILT_PRODUCTS_DIR; };
		B9B8EDF83D3D4DC3699CC808 /* Pods-Swift_EW202WSDKDemo.debug.xcconfig */ = {isa = PBXFileReference; includeInIndex = 1; lastKnownFileType = text.xcconfig; name = "Pods-Swift_EW202WSDKDemo.debug.xcconfig"; path = "Target Support Files/Pods-Swift_EW202WSDKDemo/Pods-Swift_EW202WSDKDemo.debug.xcconfig"; sourceTree = "<group>"; };
		EA3B6AAFCB6B916A77F61401 /* Pods-Swift_EW202WSDKDemo.release.xcconfig */ = {isa = PBXFileReference; includeInIndex = 1; lastKnownFileType = text.xcconfig; name = "Pods-Swift_EW202WSDKDemo.release.xcconfig"; path = "Target Support Files/Pods-Swift_EW202WSDKDemo/Pods-Swift_EW202WSDKDemo.release.xcconfig"; sourceTree = "<group>"; };
/* End PBXFileReference section */

/* Begin PBXFrameworksBuildPhase section */
		26872C33249B1286002FFD15 /* Frameworks */ = {
			isa = PBXFrameworksBuildPhase;
			buildActionMask = 2147483647;
			files = (
				4C3DE18324AB08FE00C4A31A /* SLPTCP.framework in Frameworks */,
				26872C75249B14DD002FFD15 /* libc++.tbd in Frameworks */,
				B5F13E0E863AA1E9CDAA9DE2 /* libPods-Swift_EW202WSDKDemo.a in Frameworks */,
				26872C89249B1A29002FFD15 /* SLPCommon.framework in Frameworks */,
			);
			runOnlyForDeploymentPostprocessing = 0;
		};
/* End PBXFrameworksBuildPhase section */

/* Begin PBXGroup section */
		2640EF92249B522700947B20 /* Control */ = {
			isa = PBXGroup;
			children = (
				2640EFAE249B527F00947B20 /* Button */,
				2640EFB6249B53DB00947B20 /* DataManager */,
				2640EF93249B522700947B20 /* ControlViewController.swift */,
				2640EF9D249B522700947B20 /* ControlViewController.xib */,
				2640EF9C249B522700947B20 /* LightViewController.swift */,
				2640EF95249B522700947B20 /* LightViewController.xib */,
				2640EF94249B522700947B20 /* SleepAidViewController.swift */,
				2640EF9E249B522700947B20 /* SleepAidViewController.xib */,
			);
			path = Control;
			sourceTree = "<group>";
		};
		2640EFAE249B527F00947B20 /* Button */ = {
			isa = PBXGroup;
			children = (
				2640EFB5249B52B000947B20 /* Swift_EW202WSDKDemo-Bridging-Header.h */,
				2640EFAF249B527F00947B20 /* CustomStyleButton.m */,
				2640EFB0249B527F00947B20 /* CustomColorButton.h */,
				2640EFB1249B527F00947B20 /* CustomStyleButton.h */,
				2640EFB2249B527F00947B20 /* CustomColorButton.m */,
			);
			path = Button;
			sourceTree = "<group>";
		};
		2640EFB6249B53DB00947B20 /* DataManager */ = {
			isa = PBXGroup;
			children = (
				2640EFB7249B53DB00947B20 /* DataManager.h */,
				2640EFB8249B53DB00947B20 /* DataManager.m */,
			);
			path = DataManager;
			sourceTree = "<group>";
		};
		26872C2D249B1286002FFD15 = {
			isa = PBXGroup;
			children = (
				26872C38249B1286002FFD15 /* Swift_EW202WSDKDemo */,
				26872C37249B1286002FFD15 /* Products */,
				2F73EB9F7DD4F359151BA0CD /* Pods */,
				77C66DED3C1357EE6FF444E5 /* Frameworks */,
			);
			sourceTree = "<group>";
		};
		26872C37249B1286002FFD15 /* Products */ = {
			isa = PBXGroup;
			children = (
				26872C36249B1286002FFD15 /* Swift_EW202WSDKDemo.app */,
			);
			name = Products;
			sourceTree = "<group>";
		};
		26872C38249B1286002FFD15 /* Swift_EW202WSDKDemo */ = {
			isa = PBXGroup;
			children = (
				4C3DE18224AB08FE00C4A31A /* SLPTCP.framework */,
				26872C87249B1A29002FFD15 /* SLPCommon.framework */,
				26872C39249B1286002FFD15 /* AppDelegate.swift */,
				26872C3D249B1286002FFD15 /* ViewController.swift */,
				26872C4D249B1445002FFD15 /* MainViewController.swift */,
				26872C4E249B1445002FFD15 /* MainViewController.xib */,
				2640EFC2249B87C700947B20 /* LoginViewController.swift */,
				2640EFC3249B87C700947B20 /* LoginViewController.xib */,
				2640EF92249B522700947B20 /* Control */,
				26872C3F249B1286002FFD15 /* Main.storyboard */,
				2640EFBA249B71D800947B20 /* SettingViewController.swift */,
				2640EFBB249B71D800947B20 /* SettingViewController.xib */,
				26872C42249B1289002FFD15 /* Assets.xcassets */,
				26872C44249B1289002FFD15 /* LaunchScreen.storyboard */,
				26872C47249B1289002FFD15 /* Info.plist */,
			);
			path = Swift_EW202WSDKDemo;
			sourceTree = "<group>";
		};
		2F73EB9F7DD4F359151BA0CD /* Pods */ = {
			isa = PBXGroup;
			children = (
				B9B8EDF83D3D4DC3699CC808 /* Pods-Swift_EW202WSDKDemo.debug.xcconfig */,
				EA3B6AAFCB6B916A77F61401 /* Pods-Swift_EW202WSDKDemo.release.xcconfig */,
			);
			path = Pods;
			sourceTree = "<group>";
		};
		77C66DED3C1357EE6FF444E5 /* Frameworks */ = {
			isa = PBXGroup;
			children = (
				26872C74249B14DD002FFD15 /* libc++.tbd */,
				57C572E12EB3F329081656B3 /* libPods-Swift_EW202WSDKDemo.a */,
			);
			name = Frameworks;
			sourceTree = "<group>";
		};
/* End PBXGroup section */

/* Begin PBXNativeTarget section */
		26872C35249B1286002FFD15 /* Swift_EW202WSDKDemo */ = {
			isa = PBXNativeTarget;
			buildConfigurationList = 26872C4A249B1289002FFD15 /* Build configuration list for PBXNativeTarget "Swift_EW202WSDKDemo" */;
			buildPhases = (
				4DFEEB9DA5FF4B91F4C32457 /* [CP] Check Pods Manifest.lock */,
				26872C32249B1286002FFD15 /* Sources */,
				26872C33249B1286002FFD15 /* Frameworks */,
				26872C34249B1286002FFD15 /* Resources */,
			);
			buildRules = (
			);
			dependencies = (
			);
			name = Swift_EW202WSDKDemo;
			productName = Swift_EW202WSDKDemo;
			productReference = 26872C36249B1286002FFD15 /* Swift_EW202WSDKDemo.app */;
			productType = "com.apple.product-type.application";
		};
/* End PBXNativeTarget section */

/* Begin PBXProject section */
		26872C2E249B1286002FFD15 /* Project object */ = {
			isa = PBXProject;
			attributes = {
				LastSwiftUpdateCheck = 1140;
				LastUpgradeCheck = 1140;
				ORGANIZATIONNAME = medica;
				TargetAttributes = {
					26872C35249B1286002FFD15 = {
						CreatedOnToolsVersion = 11.4;
					};
				};
			};
			buildConfigurationList = 26872C31249B1286002FFD15 /* Build configuration list for PBXProject "Swift_EW202WSDKDemo" */;
			compatibilityVersion = "Xcode 9.3";
			developmentRegion = en;
			hasScannedForEncodings = 0;
			knownRegions = (
				en,
				Base,
			);
			mainGroup = 26872C2D249B1286002FFD15;
			productRefGroup = 26872C37249B1286002FFD15 /* Products */;
			projectDirPath = "";
			projectRoot = "";
			targets = (
				26872C35249B1286002FFD15 /* Swift_EW202WSDKDemo */,
			);
		};
/* End PBXProject section */

/* Begin PBXResourcesBuildPhase section */
		26872C34249B1286002FFD15 /* Resources */ = {
			isa = PBXResourcesBuildPhase;
			buildActionMask = 2147483647;
			files = (
				26872C46249B1289002FFD15 /* LaunchScreen.storyboard in Resources */,
				2640EFBD249B71D800947B20 /* SettingViewController.xib in Resources */,
				2640EFA5249B522700947B20 /* ControlViewController.xib in Resources */,
				26872C43249B1289002FFD15 /* Assets.xcassets in Resources */,
				26872C41249B1286002FFD15 /* Main.storyboard in Resources */,
				2640EFA6249B522700947B20 /* SleepAidViewController.xib in Resources */,
				2640EFA1249B522700947B20 /* LightViewController.xib in Resources */,
				26872C50249B1445002FFD15 /* MainViewController.xib in Resources */,
				2640EFC5249B87C700947B20 /* LoginViewController.xib in Resources */,
			);
			runOnlyForDeploymentPostprocessing = 0;
		};
/* End PBXResourcesBuildPhase section */

/* Begin PBXShellScriptBuildPhase section */
		4DFEEB9DA5FF4B91F4C32457 /* [CP] Check Pods Manifest.lock */ = {
			isa = PBXShellScriptBuildPhase;
			buildActionMask = 2147483647;
			files = (
			);
			inputFileListPaths = (
			);
			inputPaths = (
				"${PODS_PODFILE_DIR_PATH}/Podfile.lock",
				"${PODS_ROOT}/Manifest.lock",
			);
			name = "[CP] Check Pods Manifest.lock";
			outputFileListPaths = (
			);
			outputPaths = (
				"$(DERIVED_FILE_DIR)/Pods-Swift_EW202WSDKDemo-checkManifestLockResult.txt",
			);
			runOnlyForDeploymentPostprocessing = 0;
			shellPath = /bin/sh;
			shellScript = "diff \"${PODS_PODFILE_DIR_PATH}/Podfile.lock\" \"${PODS_ROOT}/Manifest.lock\" > /dev/null\nif [ $? != 0 ] ; then\n    # print error to STDERR\n    echo \"error: The sandbox is not in sync with the Podfile.lock. Run 'pod install' or update your CocoaPods installation.\" >&2\n    exit 1\nfi\n# This output is used by Xcode 'outputs' to avoid re-running this script phase.\necho \"SUCCESS\" > \"${SCRIPT_OUTPUT_FILE_0}\"\n";
			showEnvVarsInLog = 0;
		};
/* End PBXShellScriptBuildPhase section */

/* Begin PBXSourcesBuildPhase section */
		26872C32249B1286002FFD15 /* Sources */ = {
			isa = PBXSourcesBuildPhase;
			buildActionMask = 2147483647;
			files = (
				2640EFB3249B528000947B20 /* CustomStyleButton.m in Sources */,
				2640EFBC249B71D800947B20 /* SettingViewController.swift in Sources */,
				2640EFB4249B528000947B20 /* CustomColorButton.m in Sources */,
				26872C4F249B1445002FFD15 /* MainViewController.swift in Sources */,
				2640EFA0249B522700947B20 /* SleepAidViewController.swift in Sources */,
				26872C3E249B1286002FFD15 /* ViewController.swift in Sources */,
				2640EF9F249B522700947B20 /* ControlViewController.swift in Sources */,
				26872C3A249B1286002FFD15 /* AppDelegate.swift in Sources */,
				2640EFB9249B53DB00947B20 /* DataManager.m in Sources */,
				2640EFA4249B522700947B20 /* LightViewController.swift in Sources */,
				2640EFC4249B87C700947B20 /* LoginViewController.swift in Sources */,
			);
			runOnlyForDeploymentPostprocessing = 0;
		};
/* End PBXSourcesBuildPhase section */

/* Begin PBXVariantGroup section */
		26872C3F249B1286002FFD15 /* Main.storyboard */ = {
			isa = PBXVariantGroup;
			children = (
				26872C40249B1286002FFD15 /* Base */,
			);
			name = Main.storyboard;
			sourceTree = "<group>";
		};
		26872C44249B1289002FFD15 /* LaunchScreen.storyboard */ = {
			isa = PBXVariantGroup;
			children = (
				26872C45249B1289002FFD15 /* Base */,
			);
			name = LaunchScreen.storyboard;
			sourceTree = "<group>";
		};
/* End PBXVariantGroup section */

/* Begin XCBuildConfiguration section */
		26872C48249B1289002FFD15 /* Debug */ = {
			isa = XCBuildConfiguration;
			buildSettings = {
				ALWAYS_SEARCH_USER_PATHS = NO;
				CLANG_ANALYZER_NONNULL = YES;
				CLANG_ANALYZER_NUMBER_OBJECT_CONVERSION = YES_AGGRESSIVE;
				CLANG_CXX_LANGUAGE_STANDARD = "gnu++14";
				CLANG_CXX_LIBRARY = "libc++";
				CLANG_ENABLE_MODULES = YES;
				CLANG_ENABLE_OBJC_ARC = YES;
				CLANG_ENABLE_OBJC_WEAK = YES;
				CLANG_WARN_BLOCK_CAPTURE_AUTORELEASING = YES;
				CLANG_WARN_BOOL_CONVERSION = YES;
				CLANG_WARN_COMMA = YES;
				CLANG_WARN_CONSTANT_CONVERSION = YES;
				CLANG_WARN_DEPRECATED_OBJC_IMPLEMENTATIONS = YES;
				CLANG_WARN_DIRECT_OBJC_ISA_USAGE = YES_ERROR;
				CLANG_WARN_DOCUMENTATION_COMMENTS = YES;
				CLANG_WARN_EMPTY_BODY = YES;
				CLANG_WARN_ENUM_CONVERSION = YES;
				CLANG_WARN_INFINITE_RECURSION = YES;
				CLANG_WARN_INT_CONVERSION = YES;
				CLANG_WARN_NON_LITERAL_NULL_CONVERSION = YES;
				CLANG_WARN_OBJC_IMPLICIT_RETAIN_SELF = YES;
				CLANG_WARN_OBJC_LITERAL_CONVERSION = YES;
				CLANG_WARN_OBJC_ROOT_CLASS = YES_ERROR;
				CLANG_WARN_RANGE_LOOP_ANALYSIS = YES;
				CLANG_WARN_STRICT_PROTOTYPES = YES;
				CLANG_WARN_SUSPICIOUS_MOVE = YES;
				CLANG_WARN_UNGUARDED_AVAILABILITY = YES_AGGRESSIVE;
				CLANG_WARN_UNREACHABLE_CODE = YES;
				CLANG_WARN__DUPLICATE_METHOD_MATCH = YES;
				COPY_PHASE_STRIP = NO;
				DEBUG_INFORMATION_FORMAT = dwarf;
				ENABLE_STRICT_OBJC_MSGSEND = YES;
				ENABLE_TESTABILITY = YES;
				GCC_C_LANGUAGE_STANDARD = gnu11;
				GCC_DYNAMIC_NO_PIC = NO;
				GCC_NO_COMMON_BLOCKS = YES;
				GCC_OPTIMIZATION_LEVEL = 0;
				GCC_PREPROCESSOR_DEFINITIONS = (
					"DEBUG=1",
					"$(inherited)",
				);
				GCC_WARN_64_TO_32_BIT_CONVERSION = YES;
				GCC_WARN_ABOUT_RETURN_TYPE = YES_ERROR;
				GCC_WARN_UNDECLARED_SELECTOR = YES;
				GCC_WARN_UNINITIALIZED_AUTOS = YES_AGGRESSIVE;
				GCC_WARN_UNUSED_FUNCTION = YES;
				GCC_WARN_UNUSED_VARIABLE = YES;
				IPHONEOS_DEPLOYMENT_TARGET = 10.0;
				MTL_ENABLE_DEBUG_INFO = INCLUDE_SOURCE;
				MTL_FAST_MATH = YES;
				ONLY_ACTIVE_ARCH = YES;
				SDKROOT = iphoneos;
				SWIFT_ACTIVE_COMPILATION_CONDITIONS = DEBUG;
				SWIFT_OPTIMIZATION_LEVEL = "-Onone";
			};
			name = Debug;
		};
		26872C49249B1289002FFD15 /* Release */ = {
			isa = XCBuildConfiguration;
			buildSettings = {
				ALWAYS_SEARCH_USER_PATHS = NO;
				CLANG_ANALYZER_NONNULL = YES;
				CLANG_ANALYZER_NUMBER_OBJECT_CONVERSION = YES_AGGRESSIVE;
				CLANG_CXX_LANGUAGE_STANDARD = "gnu++14";
				CLANG_CXX_LIBRARY = "libc++";
				CLANG_ENABLE_MODULES = YES;
				CLANG_ENABLE_OBJC_ARC = YES;
				CLANG_ENABLE_OBJC_WEAK = YES;
				CLANG_WARN_BLOCK_CAPTURE_AUTORELEASING = YES;
				CLANG_WARN_BOOL_CONVERSION = YES;
				CLANG_WARN_COMMA = YES;
				CLANG_WARN_CONSTANT_CONVERSION = YES;
				CLANG_WARN_DEPRECATED_OBJC_IMPLEMENTATIONS = YES;
				CLANG_WARN_DIRECT_OBJC_ISA_USAGE = YES_ERROR;
				CLANG_WARN_DOCUMENTATION_COMMENTS = YES;
				CLANG_WARN_EMPTY_BODY = YES;
				CLANG_WARN_ENUM_CONVERSION = YES;
				CLANG_WARN_INFINITE_RECURSION = YES;
				CLANG_WARN_INT_CONVERSION = YES;
				CLANG_WARN_NON_LITERAL_NULL_CONVERSION = YES;
				CLANG_WARN_OBJC_IMPLICIT_RETAIN_SELF = YES;
				CLANG_WARN_OBJC_LITERAL_CONVERSION = YES;
				CLANG_WARN_OBJC_ROOT_CLASS = YES_ERROR;
				CLANG_WARN_RANGE_LOOP_ANALYSIS = YES;
				CLANG_WARN_STRICT_PROTOTYPES = YES;
				CLANG_WARN_SUSPICIOUS_MOVE = YES;
				CLANG_WARN_UNGUARDED_AVAILABILITY = YES_AGGRESSIVE;
				CLANG_WARN_UNREACHABLE_CODE = YES;
				CLANG_WARN__DUPLICATE_METHOD_MATCH = YES;
				COPY_PHASE_STRIP = NO;
				DEBUG_INFORMATION_FORMAT = "dwarf-with-dsym";
				ENABLE_NS_ASSERTIONS = NO;
				ENABLE_STRICT_OBJC_MSGSEND = YES;
				GCC_C_LANGUAGE_STANDARD = gnu11;
				GCC_NO_COMMON_BLOCKS = YES;
				GCC_WARN_64_TO_32_BIT_CONVERSION = YES;
				GCC_WARN_ABOUT_RETURN_TYPE = YES_ERROR;
				GCC_WARN_UNDECLARED_SELECTOR = YES;
				GCC_WARN_UNINITIALIZED_AUTOS = YES_AGGRESSIVE;
				GCC_WARN_UNUSED_FUNCTION = YES;
				GCC_WARN_UNUSED_VARIABLE = YES;
				IPHONEOS_DEPLOYMENT_TARGET = 10.0;
				MTL_ENABLE_DEBUG_INFO = NO;
				MTL_FAST_MATH = YES;
				SDKROOT = iphoneos;
				SWIFT_COMPILATION_MODE = wholemodule;
				SWIFT_OPTIMIZATION_LEVEL = "-O";
				VALIDATE_PRODUCT = YES;
			};
			name = Release;
		};
		26872C4B249B1289002FFD15 /* Debug */ = {
			isa = XCBuildConfiguration;
			baseConfigurationReference = B9B8EDF83D3D4DC3699CC808 /* Pods-Swift_EW202WSDKDemo.debug.xcconfig */;
			buildSettings = {
				ASSETCATALOG_COMPILER_APPICON_NAME = AppIcon;
				CODE_SIGN_STYLE = Automatic;
				DEVELOPMENT_TEAM = NV3296URNT;
				FRAMEWORK_SEARCH_PATHS = (
					"$(inherited)",
					"$(PROJECT_DIR)/Swift_EW202WSDKDemo",
				);
				INFOPLIST_FILE = Swift_EW202WSDKDemo/Info.plist;
				LD_RUNPATH_SEARCH_PATHS = (
					"$(inherited)",
					"@executable_path/Frameworks",
				);
				PRODUCT_BUNDLE_IDENTIFIER = "com.medicatech.Swift-EW202WSDKDemo";
				PRODUCT_NAME = "$(TARGET_NAME)";
				SWIFT_OBJC_BRIDGING_HEADER = "$(SRCROOT)/Swift_EW202WSDKDemo/Control/Button/Swift_EW202WSDKDemo-Bridging-Header.h";
				SWIFT_VERSION = 5.0;
				TARGETED_DEVICE_FAMILY = "1,2";
			};
			name = Debug;
		};
		26872C4C249B1289002FFD15 /* Release */ = {
			isa = XCBuildConfiguration;
			baseConfigurationReference = EA3B6AAFCB6B916A77F61401 /* Pods-Swift_EW202WSDKDemo.release.xcconfig */;
			buildSettings = {
				ASSETCATALOG_COMPILER_APPICON_NAME = AppIcon;
				CODE_SIGN_STYLE = Automatic;
				DEVELOPMENT_TEAM = NV3296URNT;
				FRAMEWORK_SEARCH_PATHS = (
					"$(inherited)",
					"$(PROJECT_DIR)/Swift_EW202WSDKDemo",
				);
				INFOPLIST_FILE = Swift_EW202WSDKDemo/Info.plist;
				LD_RUNPATH_SEARCH_PATHS = (
					"$(inherited)",
					"@executable_path/Frameworks",
				);
				PRODUCT_BUNDLE_IDENTIFIER = "com.medicatech.Swift-EW202WSDKDemo";
				PRODUCT_NAME = "$(TARGET_NAME)";
				SWIFT_OBJC_BRIDGING_HEADER = "$(SRCROOT)/Swift_EW202WSDKDemo/Control/Button/Swift_EW202WSDKDemo-Bridging-Header.h";
				SWIFT_VERSION = 5.0;
				TARGETED_DEVICE_FAMILY = "1,2";
			};
			name = Release;
		};
/* End XCBuildConfiguration section */

/* Begin XCConfigurationList section */
		26872C31249B1286002FFD15 /* Build configuration list for PBXProject "Swift_EW202WSDKDemo" */ = {
			isa = XCConfigurationList;
			buildConfigurations = (
				26872C48249B1289002FFD15 /* Debug */,
				26872C49249B1289002FFD15 /* Release */,
			);
			defaultConfigurationIsVisible = 0;
			defaultConfigurationName = Release;
		};
		26872C4A249B1289002FFD15 /* Build configuration list for PBXNativeTarget "Swift_EW202WSDKDemo" */ = {
			isa = XCConfigurationList;
			buildConfigurations = (
				26872C4B249B1289002FFD15 /* Debug */,
				26872C4C249B1289002FFD15 /* Release */,
			);
			defaultConfigurationIsVisible = 0;
			defaultConfigurationName = Release;
		};
/* End XCConfigurationList section */
	};
	rootObject = 26872C2E249B1286002FFD15 /* Project object */;
}
